// !$*UTF8*$!
{
	archiveVersion = 1;
	classes = {
	};
	objectVersion = 53;
	objects = {

/* Begin PBXBuildFile section */
		563CEA3E2669CF6600C2E8DC /* MuseManager.swift in Sources */ = {isa = PBXBuildFile; fileRef = 563CEA3D2669CF6600C2E8DC /* MuseManager.swift */; };
		563CEA402669D15300C2E8DC /* Playlist.swift in Sources */ = {isa = PBXBuildFile; fileRef = 563CEA3F2669D15300C2E8DC /* Playlist.swift */; };
		565E805B2676D939007BF1EE /* PlayerManager.swift in Sources */ = {isa = PBXBuildFile; fileRef = 565E805A2676D939007BF1EE /* PlayerManager.swift */; };
		566433B125F815C400F46880 /* DailyPlaylists.swift in Sources */ = {isa = PBXBuildFile; fileRef = 566433B025F815C400F46880 /* DailyPlaylists.swift */; };
		5681DA0C2724E2FA0059C2CC /* AuthorizationManager.swift in Sources */ = {isa = PBXBuildFile; fileRef = 5681DA0B2724E2FA0059C2CC /* AuthorizationManager.swift */; };
		56A17EC325F4217000CA876B /* Defaults.swift in Sources */ = {isa = PBXBuildFile; fileRef = 56A17EC225F4217000CA876B /* Defaults.swift */; };
		56BC14A4273B7449003CDB6F /* AuthorizationStatus.swift in Sources */ = {isa = PBXBuildFile; fileRef = 56BC14A3273B7449003CDB6F /* AuthorizationStatus.swift */; };
		56CCC51B251E78DE0044BA07 /* MuseApp.swift in Sources */ = {isa = PBXBuildFile; fileRef = 56CCC51A251E78DE0044BA07 /* MuseApp.swift */; };
		56CCC51D251E78DE0044BA07 /* AppView.swift in Sources */ = {isa = PBXBuildFile; fileRef = 56CCC51C251E78DE0044BA07 /* AppView.swift */; };
		56CCC51F251E78E00044BA07 /* Assets.xcassets in Resources */ = {isa = PBXBuildFile; fileRef = 56CCC51E251E78E00044BA07 /* Assets.xcassets */; };
		56CCC522251E78E00044BA07 /* Preview Assets.xcassets in Resources */ = {isa = PBXBuildFile; fileRef = 56CCC521251E78E00044BA07 /* Preview Assets.xcassets */; };
		56E047CC251E7EF600A74B97 /* AuthorizationView.swift in Sources */ = {isa = PBXBuildFile; fileRef = 56E047CB251E7EF600A74B97 /* AuthorizationView.swift */; };
		56E047CF251E826700A74B97 /* MainView.swift in Sources */ = {isa = PBXBuildFile; fileRef = 56E047CE251E826700A74B97 /* MainView.swift */; };
		56E047D2251E827B00A74B97 /* MusicDailyView.swift in Sources */ = {isa = PBXBuildFile; fileRef = 56E047D1251E827B00A74B97 /* MusicDailyView.swift */; };
		56E047D5251E828E00A74B97 /* MusicPlaylistsView.swift in Sources */ = {isa = PBXBuildFile; fileRef = 56E047D4251E828E00A74B97 /* MusicPlaylistsView.swift */; };
		56E047D8251E82AB00A74B97 /* MusicStatisticsView.swift in Sources */ = {isa = PBXBuildFile; fileRef = 56E047D7251E82AB00A74B97 /* MusicStatisticsView.swift */; };
		56E938E22806CE2F0018EDD9 /* MPMediaPlaylist+NameComponents.swift in Sources */ = {isa = PBXBuildFile; fileRef = 56E938E12806CE2F0018EDD9 /* MPMediaPlaylist+NameComponents.swift */; };
		56E938E42806CFB60018EDD9 /* Category.swift in Sources */ = {isa = PBXBuildFile; fileRef = 56E938E32806CFB60018EDD9 /* Category.swift */; };
/* End PBXBuildFile section */

/* Begin PBXFileReference section */
		5603069E2613D14D00BF0406 /* README.md */ = {isa = PBXFileReference; lastKnownFileType = net.daringfireball.markdown; path = README.md; sourceTree = "<group>"; };
		563CEA3D2669CF6600C2E8DC /* MuseManager.swift */ = {isa = PBXFileReference; lastKnownFileType = sourcecode.swift; path = MuseManager.swift; sourceTree = "<group>"; };
		563CEA3F2669D15300C2E8DC /* Playlist.swift */ = {isa = PBXFileReference; lastKnownFileType = sourcecode.swift; path = Playlist.swift; sourceTree = "<group>"; };
		565E805A2676D939007BF1EE /* PlayerManager.swift */ = {isa = PBXFileReference; lastKnownFileType = sourcecode.swift; path = PlayerManager.swift; sourceTree = "<group>"; };
		566433B025F815C400F46880 /* DailyPlaylists.swift */ = {isa = PBXFileReference; lastKnownFileType = sourcecode.swift; path = DailyPlaylists.swift; sourceTree = "<group>"; };
		5681DA0B2724E2FA0059C2CC /* AuthorizationManager.swift */ = {isa = PBXFileReference; lastKnownFileType = sourcecode.swift; path = AuthorizationManager.swift; sourceTree = "<group>"; };
		56A17EC225F4217000CA876B /* Defaults.swift */ = {isa = PBXFileReference; lastKnownFileType = sourcecode.swift; path = Defaults.swift; sourceTree = "<group>"; };
		56BC14A3273B7449003CDB6F /* AuthorizationStatus.swift */ = {isa = PBXFileReference; lastKnownFileType = sourcecode.swift; path = AuthorizationStatus.swift; sourceTree = "<group>"; };
		56CCC517251E78DE0044BA07 /* Muse.app */ = {isa = PBXFileReference; explicitFileType = wrapper.application; includeInIndex = 0; path = Muse.app; sourceTree = BUILT_PRODUCTS_DIR; };
		56CCC51A251E78DE0044BA07 /* MuseApp.swift */ = {isa = PBXFileReference; lastKnownFileType = sourcecode.swift; path = MuseApp.swift; sourceTree = "<group>"; };
		56CCC51C251E78DE0044BA07 /* AppView.swift */ = {isa = PBXFileReference; lastKnownFileType = sourcecode.swift; path = AppView.swift; sourceTree = "<group>"; };
		56CCC51E251E78E00044BA07 /* Assets.xcassets */ = {isa = PBXFileReference; lastKnownFileType = folder.assetcatalog; path = Assets.xcassets; sourceTree = "<group>"; };
		56CCC521251E78E00044BA07 /* Preview Assets.xcassets */ = {isa = PBXFileReference; lastKnownFileType = folder.assetcatalog; path = "Preview Assets.xcassets"; sourceTree = "<group>"; };
		56CCC523251E78E00044BA07 /* Info.plist */ = {isa = PBXFileReference; lastKnownFileType = text.plist.xml; path = Info.plist; sourceTree = "<group>"; };
		56DF74D12598A553006443B2 /* LICENSE */ = {isa = PBXFileReference; lastKnownFileType = text; path = LICENSE; sourceTree = "<group>"; };
		56E047CB251E7EF600A74B97 /* AuthorizationView.swift */ = {isa = PBXFileReference; lastKnownFileType = sourcecode.swift; path = AuthorizationView.swift; sourceTree = "<group>"; };
		56E047CE251E826700A74B97 /* MainView.swift */ = {isa = PBXFileReference; lastKnownFileType = sourcecode.swift; path = MainView.swift; sourceTree = "<group>"; };
		56E047D1251E827B00A74B97 /* MusicDailyView.swift */ = {isa = PBXFileReference; lastKnownFileType = sourcecode.swift; path = MusicDailyView.swift; sourceTree = "<group>"; };
		56E047D4251E828E00A74B97 /* MusicPlaylistsView.swift */ = {isa = PBXFileReference; lastKnownFileType = sourcecode.swift; path = MusicPlaylistsView.swift; sourceTree = "<group>"; };
		56E047D7251E82AB00A74B97 /* MusicStatisticsView.swift */ = {isa = PBXFileReference; lastKnownFileType = sourcecode.swift; path = MusicStatisticsView.swift; sourceTree = "<group>"; };
		56E938E12806CE2F0018EDD9 /* MPMediaPlaylist+NameComponents.swift */ = {isa = PBXFileReference; lastKnownFileType = sourcecode.swift; path = "MPMediaPlaylist+NameComponents.swift"; sourceTree = "<group>"; };
		56E938E32806CFB60018EDD9 /* Category.swift */ = {isa = PBXFileReference; lastKnownFileType = sourcecode.swift; path = Category.swift; sourceTree = "<group>"; };
/* End PBXFileReference section */

/* Begin PBXFrameworksBuildPhase section */
		56CCC514251E78DE0044BA07 /* Frameworks */ = {
			isa = PBXFrameworksBuildPhase;
			buildActionMask = 2147483647;
			files = (
			);
			runOnlyForDeploymentPostprocessing = 0;
		};
/* End PBXFrameworksBuildPhase section */

/* Begin PBXGroup section */
		56006F7F25D0036B00A6EB07 /* Library */ = {
			isa = PBXGroup;
			children = (
				56E938E32806CFB60018EDD9 /* Category.swift */,
				566433B025F815C400F46880 /* DailyPlaylists.swift */,
				56A17EC225F4217000CA876B /* Defaults.swift */,
				563CEA3F2669D15300C2E8DC /* Playlist.swift */,
			);
			path = Library;
			sourceTree = "<group>";
		};
		5642C682251E7B1C00430376 /* Views */ = {
			isa = PBXGroup;
			children = (
				56CCC51C251E78DE0044BA07 /* AppView.swift */,
				56E047CB251E7EF600A74B97 /* AuthorizationView.swift */,
				56E047CE251E826700A74B97 /* MainView.swift */,
				56E047D1251E827B00A74B97 /* MusicDailyView.swift */,
				56E047D4251E828E00A74B97 /* MusicPlaylistsView.swift */,
				56E047D7251E82AB00A74B97 /* MusicStatisticsView.swift */,
			);
			path = Views;
			sourceTree = "<group>";
		};
		56B0610727210A080056AB1D /* Authorization */ = {
			isa = PBXGroup;
			children = (
				5681DA0B2724E2FA0059C2CC /* AuthorizationManager.swift */,
				56BC14A3273B7449003CDB6F /* AuthorizationStatus.swift */,
			);
			path = Authorization;
			sourceTree = "<group>";
		};
		56CCC50E251E78DE0044BA07 = {
			isa = PBXGroup;
			children = (
				56DF74D12598A553006443B2 /* LICENSE */,
				5603069E2613D14D00BF0406 /* README.md */,
				56CCC519251E78DE0044BA07 /* Muse */,
				56CCC518251E78DE0044BA07 /* Products */,
			);
			sourceTree = "<group>";
		};
		56CCC518251E78DE0044BA07 /* Products */ = {
			isa = PBXGroup;
			children = (
				56CCC517251E78DE0044BA07 /* Muse.app */,
			);
			name = Products;
			sourceTree = "<group>";
		};
		56CCC519251E78DE0044BA07 /* Muse */ = {
			isa = PBXGroup;
			children = (
				56E938E02806CE1C0018EDD9 /* Extensions */,
				56B0610727210A080056AB1D /* Authorization */,
				56006F7F25D0036B00A6EB07 /* Library */,
				56E047C6251E7CD200A74B97 /* Managers */,
				5642C682251E7B1C00430376 /* Views */,
				56CCC51A251E78DE0044BA07 /* MuseApp.swift */,
				56CCC51E251E78E00044BA07 /* Assets.xcassets */,
				56CCC523251E78E00044BA07 /* Info.plist */,
				56CCC520251E78E00044BA07 /* Preview Content */,
			);
			path = Muse;
			sourceTree = "<group>";
		};
		56CCC520251E78E00044BA07 /* Preview Content */ = {
			isa = PBXGroup;
			children = (
				56CCC521251E78E00044BA07 /* Preview Assets.xcassets */,
			);
			path = "Preview Content";
			sourceTree = "<group>";
		};
		56E047C6251E7CD200A74B97 /* Managers */ = {
			isa = PBXGroup;
			children = (
				563CEA3D2669CF6600C2E8DC /* MuseManager.swift */,
				565E805A2676D939007BF1EE /* PlayerManager.swift */,
			);
			path = Managers;
			sourceTree = "<group>";
		};
		56E938E02806CE1C0018EDD9 /* Extensions */ = {
			isa = PBXGroup;
			children = (
				56E938E12806CE2F0018EDD9 /* MPMediaPlaylist+NameComponents.swift */,
			);
			path = Extensions;
			sourceTree = "<group>";
		};
/* End PBXGroup section */

/* Begin PBXNativeTarget section */
		56CCC516251E78DE0044BA07 /* Muse */ = {
			isa = PBXNativeTarget;
			buildConfigurationList = 56CCC526251E78E00044BA07 /* Build configuration list for PBXNativeTarget "Muse" */;
			buildPhases = (
				56CCC513251E78DE0044BA07 /* Sources */,
				56CCC514251E78DE0044BA07 /* Frameworks */,
				56CCC515251E78DE0044BA07 /* Resources */,
			);
			buildRules = (
			);
			dependencies = (
			);
			name = Muse;
			productName = Muse;
			productReference = 56CCC517251E78DE0044BA07 /* Muse.app */;
			productType = "com.apple.product-type.application";
		};
/* End PBXNativeTarget section */

/* Begin PBXProject section */
		56CCC50F251E78DE0044BA07 /* Project object */ = {
			isa = PBXProject;
			attributes = {
				BuildIndependentTargetsInParallel = YES;
				LastSwiftUpdateCheck = 1200;
				LastUpgradeCheck = 1430;
				TargetAttributes = {
					56CCC516251E78DE0044BA07 = {
						CreatedOnToolsVersion = 12.0;
					};
				};
			};
			buildConfigurationList = 56CCC512251E78DE0044BA07 /* Build configuration list for PBXProject "Muse" */;
			compatibilityVersion = "Xcode 9.3";
			developmentRegion = en;
			hasScannedForEncodings = 0;
			knownRegions = (
				en,
				Base,
			);
			mainGroup = 56CCC50E251E78DE0044BA07;
			productRefGroup = 56CCC518251E78DE0044BA07 /* Products */;
			projectDirPath = "";
			projectRoot = "";
			targets = (
				56CCC516251E78DE0044BA07 /* Muse */,
			);
		};
/* End PBXProject section */

/* Begin PBXResourcesBuildPhase section */
		56CCC515251E78DE0044BA07 /* Resources */ = {
			isa = PBXResourcesBuildPhase;
			buildActionMask = 2147483647;
			files = (
				56CCC522251E78E00044BA07 /* Preview Assets.xcassets in Resources */,
				56CCC51F251E78E00044BA07 /* Assets.xcassets in Resources */,
			);
			runOnlyForDeploymentPostprocessing = 0;
		};
/* End PBXResourcesBuildPhase section */

/* Begin PBXSourcesBuildPhase section */
		56CCC513251E78DE0044BA07 /* Sources */ = {
			isa = PBXSourcesBuildPhase;
			buildActionMask = 2147483647;
			files = (
				566433B125F815C400F46880 /* DailyPlaylists.swift in Sources */,
				56CCC51D251E78DE0044BA07 /* AppView.swift in Sources */,
				56E047D5251E828E00A74B97 /* MusicPlaylistsView.swift in Sources */,
				56E047CC251E7EF600A74B97 /* AuthorizationView.swift in Sources */,
				563CEA3E2669CF6600C2E8DC /* MuseManager.swift in Sources */,
				56E047CF251E826700A74B97 /* MainView.swift in Sources */,
				56E047D2251E827B00A74B97 /* MusicDailyView.swift in Sources */,
				56CCC51B251E78DE0044BA07 /* MuseApp.swift in Sources */,
				563CEA402669D15300C2E8DC /* Playlist.swift in Sources */,
				56E938E22806CE2F0018EDD9 /* MPMediaPlaylist+NameComponents.swift in Sources */,
				56BC14A4273B7449003CDB6F /* AuthorizationStatus.swift in Sources */,
				56A17EC325F4217000CA876B /* Defaults.swift in Sources */,
				5681DA0C2724E2FA0059C2CC /* AuthorizationManager.swift in Sources */,
				56E938E42806CFB60018EDD9 /* Category.swift in Sources */,
				565E805B2676D939007BF1EE /* PlayerManager.swift in Sources */,
				56E047D8251E82AB00A74B97 /* MusicStatisticsView.swift in Sources */,
			);
			runOnlyForDeploymentPostprocessing = 0;
		};
/* End PBXSourcesBuildPhase section */

/* Begin XCBuildConfiguration section */
		56CCC524251E78E00044BA07 /* Debug */ = {
			isa = XCBuildConfiguration;
			buildSettings = {
				ALWAYS_SEARCH_USER_PATHS = NO;
				CLANG_ANALYZER_NONNULL = YES;
				CLANG_ANALYZER_NUMBER_OBJECT_CONVERSION = YES_AGGRESSIVE;
				CLANG_CXX_LANGUAGE_STANDARD = "gnu++14";
				CLANG_CXX_LIBRARY = "libc++";
				CLANG_ENABLE_MODULES = YES;
				CLANG_ENABLE_OBJC_ARC = YES;
				CLANG_ENABLE_OBJC_WEAK = YES;
				CLANG_WARN_BLOCK_CAPTURE_AUTORELEASING = YES;
				CLANG_WARN_BOOL_CONVERSION = YES;
				CLANG_WARN_COMMA = YES;
				CLANG_WARN_CONSTANT_CONVERSION = YES;
				CLANG_WARN_DEPRECATED_OBJC_IMPLEMENTATIONS = YES;
				CLANG_WARN_DIRECT_OBJC_ISA_USAGE = YES_ERROR;
				CLANG_WARN_DOCUMENTATION_COMMENTS = YES;
				CLANG_WARN_EMPTY_BODY = YES;
				CLANG_WARN_ENUM_CONVERSION = YES;
				CLANG_WARN_INFINITE_RECURSION = YES;
				CLANG_WARN_INT_CONVERSION = YES;
				CLANG_WARN_NON_LITERAL_NULL_CONVERSION = YES;
				CLANG_WARN_OBJC_IMPLICIT_RETAIN_SELF = YES;
				CLANG_WARN_OBJC_LITERAL_CONVERSION = YES;
				CLANG_WARN_OBJC_ROOT_CLASS = YES_ERROR;
				CLANG_WARN_QUOTED_INCLUDE_IN_FRAMEWORK_HEADER = YES;
				CLANG_WARN_RANGE_LOOP_ANALYSIS = YES;
				CLANG_WARN_STRICT_PROTOTYPES = YES;
				CLANG_WARN_SUSPICIOUS_MOVE = YES;
				CLANG_WARN_UNGUARDED_AVAILABILITY = YES_AGGRESSIVE;
				CLANG_WARN_UNREACHABLE_CODE = YES;
				CLANG_WARN__DUPLICATE_METHOD_MATCH = YES;
				COPY_PHASE_STRIP = NO;
				DEBUG_INFORMATION_FORMAT = dwarf;
				ENABLE_STRICT_OBJC_MSGSEND = YES;
				ENABLE_TESTABILITY = YES;
				GCC_C_LANGUAGE_STANDARD = gnu11;
				GCC_DYNAMIC_NO_PIC = NO;
				GCC_NO_COMMON_BLOCKS = YES;
				GCC_OPTIMIZATION_LEVEL = 0;
				GCC_PREPROCESSOR_DEFINITIONS = (
					"DEBUG=1",
					"$(inherited)",
				);
				GCC_WARN_64_TO_32_BIT_CONVERSION = YES;
				GCC_WARN_ABOUT_RETURN_TYPE = YES_ERROR;
				GCC_WARN_UNDECLARED_SELECTOR = YES;
				GCC_WARN_UNINITIALIZED_AUTOS = YES_AGGRESSIVE;
				GCC_WARN_UNUSED_FUNCTION = YES;
				GCC_WARN_UNUSED_VARIABLE = YES;
				IPHONEOS_DEPLOYMENT_TARGET = 14.0;
				MTL_ENABLE_DEBUG_INFO = INCLUDE_SOURCE;
				MTL_FAST_MATH = YES;
				ONLY_ACTIVE_ARCH = YES;
				SDKROOT = iphoneos;
				SWIFT_ACTIVE_COMPILATION_CONDITIONS = DEBUG;
				SWIFT_OPTIMIZATION_LEVEL = "-Onone";
			};
			name = Debug;
		};
		56CCC525251E78E00044BA07 /* Release */ = {
			isa = XCBuildConfiguration;
			buildSettings = {
				ALWAYS_SEARCH_USER_PATHS = NO;
				CLANG_ANALYZER_NONNULL = YES;
				CLANG_ANALYZER_NUMBER_OBJECT_CONVERSION = YES_AGGRESSIVE;
				CLANG_CXX_LANGUAGE_STANDARD = "gnu++14";
				CLANG_CXX_LIBRARY = "libc++";
				CLANG_ENABLE_MODULES = YES;
				CLANG_ENABLE_OBJC_ARC = YES;
				CLANG_ENABLE_OBJC_WEAK = YES;
				CLANG_WARN_BLOCK_CAPTURE_AUTORELEASING = YES;
				CLANG_WARN_BOOL_CONVERSION = YES;
				CLANG_WARN_COMMA = YES;
				CLANG_WARN_CONSTANT_CONVERSION = YES;
				CLANG_WARN_DEPRECATED_OBJC_IMPLEMENTATIONS = YES;
				CLANG_WARN_DIRECT_OBJC_ISA_USAGE = YES_ERROR;
				CLANG_WARN_DOCUMENTATION_COMMENTS = YES;
				CLANG_WARN_EMPTY_BODY = YES;
				CLANG_WARN_ENUM_CONVERSION = YES;
				CLANG_WARN_INFINITE_RECURSION = YES;
				CLANG_WARN_INT_CONVERSION = YES;
				CLANG_WARN_NON_LITERAL_NULL_CONVERSION = YES;
				CLANG_WARN_OBJC_IMPLICIT_RETAIN_SELF = YES;
				CLANG_WARN_OBJC_LITERAL_CONVERSION = YES;
				CLANG_WARN_OBJC_ROOT_CLASS = YES_ERROR;
				CLANG_WARN_QUOTED_INCLUDE_IN_FRAMEWORK_HEADER = YES;
				CLANG_WARN_RANGE_LOOP_ANALYSIS = YES;
				CLANG_WARN_STRICT_PROTOTYPES = YES;
				CLANG_WARN_SUSPICIOUS_MOVE = YES;
				CLANG_WARN_UNGUARDED_AVAILABILITY = YES_AGGRESSIVE;
				CLANG_WARN_UNREACHABLE_CODE = YES;
				CLANG_WARN__DUPLICATE_METHOD_MATCH = YES;
				COPY_PHASE_STRIP = NO;
				DEBUG_INFORMATION_FORMAT = "dwarf-with-dsym";
				ENABLE_NS_ASSERTIONS = NO;
				ENABLE_STRICT_OBJC_MSGSEND = YES;
				GCC_C_LANGUAGE_STANDARD = gnu11;
				GCC_NO_COMMON_BLOCKS = YES;
				GCC_WARN_64_TO_32_BIT_CONVERSION = YES;
				GCC_WARN_ABOUT_RETURN_TYPE = YES_ERROR;
				GCC_WARN_UNDECLARED_SELECTOR = YES;
				GCC_WARN_UNINITIALIZED_AUTOS = YES_AGGRESSIVE;
				GCC_WARN_UNUSED_FUNCTION = YES;
				GCC_WARN_UNUSED_VARIABLE = YES;
				IPHONEOS_DEPLOYMENT_TARGET = 14.0;
				MTL_ENABLE_DEBUG_INFO = NO;
				MTL_FAST_MATH = YES;
				SDKROOT = iphoneos;
				SWIFT_COMPILATION_MODE = wholemodule;
				SWIFT_OPTIMIZATION_LEVEL = "-O";
				VALIDATE_PRODUCT = YES;
			};
			name = Release;
		};
		56CCC527251E78E00044BA07 /* Debug */ = {
			isa = XCBuildConfiguration;
			buildSettings = {
				ASSETCATALOG_COMPILER_APPICON_NAME = AppIcon;
				ASSETCATALOG_COMPILER_GLOBAL_ACCENT_COLOR_NAME = AccentColor;
				CODE_SIGN_STYLE = Automatic;
				CURRENT_PROJECT_VERSION = 1;
				DEVELOPMENT_ASSET_PATHS = "\"Muse/Preview Content\"";
				DEVELOPMENT_TEAM = ZM4N24RK3Z;
				ENABLE_PREVIEWS = YES;
				INFOPLIST_FILE = Muse/Info.plist;
				IPHONEOS_DEPLOYMENT_TARGET = 15.0;
				LD_RUNPATH_SEARCH_PATHS = (
					"$(inherited)",
					"@executable_path/Frameworks",
				);
				MARKETING_VERSION = 0.1;
				PRODUCT_BUNDLE_IDENTIFIER = technology.krueger.Muse;
				PRODUCT_NAME = "$(TARGET_NAME)";
				SWIFT_VERSION = 5.0;
				TARGETED_DEVICE_FAMILY = "1,2";
			};
			name = Debug;
		};
		56CCC528251E78E00044BA07 /* Release */ = {
			isa = XCBuildConfiguration;
			buildSettings = {
				ASSETCATALOG_COMPILER_APPICON_NAME = AppIcon;
				ASSETCATALOG_COMPILER_GLOBAL_ACCENT_COLOR_NAME = AccentColor;
				CODE_SIGN_STYLE = Automatic;
				CURRENT_PROJECT_VERSION = 1;
				DEVELOPMENT_ASSET_PATHS = "\"Muse/Preview Content\"";
				DEVELOPMENT_TEAM = ZM4N24RK3Z;
				ENABLE_PREVIEWS = YES;
				INFOPLIST_FILE = Muse/Info.plist;
				IPHONEOS_DEPLOYMENT_TARGET = 15.0;
				LD_RUNPATH_SEARCH_PATHS = (
					"$(inherited)",
					"@executable_path/Frameworks",
				);
				MARKETING_VERSION = 0.1;
				PRODUCT_BUNDLE_IDENTIFIER = technology.krueger.Muse;
				PRODUCT_NAME = "$(TARGET_NAME)";
				SWIFT_VERSION = 5.0;
				TARGETED_DEVICE_FAMILY = "1,2";
			};
			name = Release;
		};
/* End XCBuildConfiguration section */

/* Begin XCConfigurationList section */
		56CCC512251E78DE0044BA07 /* Build configuration list for PBXProject "Muse" */ = {
			isa = XCConfigurationList;
			buildConfigurations = (
				56CCC524251E78E00044BA07 /* Debug */,
				56CCC525251E78E00044BA07 /* Release */,
			);
			defaultConfigurationIsVisible = 0;
			defaultConfigurationName = Release;
		};
		56CCC526251E78E00044BA07 /* Build configuration list for PBXNativeTarget "Muse" */ = {
			isa = XCConfigurationList;
			buildConfigurations = (
				56CCC527251E78E00044BA07 /* Debug */,
				56CCC528251E78E00044BA07 /* Release */,
			);
			defaultConfigurationIsVisible = 0;
			defaultConfigurationName = Release;
		};
/* End XCConfigurationList section */
	};
	rootObject = 56CCC50F251E78DE0044BA07 /* Project object */;
}
